Microsoft Visual Studio Solution File, Format Version 12.00
# Visual Studio Version 17
VisualStudioVersion = 17.5.2.0
MinimumVisualStudioVersion = 10.0.40219.1
Project("{FAE04EC0-301F-11D3-BF4B-00C04F79EFBC}") = "QuizAppApi", "QuizAppApi.csproj", "{5462DC0F-A18E-B755-6442-695E23A87B15}"
EndProject
Global
	GlobalSection(SolutionConfigurationPlatforms) = preSolution
		Debug|Any CPU = Debug|Any CPU
		Release|Any CPU = Release|Any CPU
	EndGlobalSection
	GlobalSection(ProjectConfigurationPlatforms) = postSolution
		{5462DC0F-A18E-B755-6442-695E23A87B15}.Debug|Any CPU.ActiveCfg = Debug|Any CPU
		{5462DC0F-A18E-B755-6442-695E23A87B15}.Debug|Any CPU.Build.0 = Debug|Any CPU
		{5462DC0F-A18E-B755-6442-695E23A87B15}.Release|Any CPU.ActiveCfg = Release|Any CPU
		{5462DC0F-A18E-B755-6442-695E23A87B15}.Release|Any CPU.Build.0 = Release|Any CPU
	EndGlobalSection
	GlobalSection(SolutionProperties) = preSolution
		HideSolutionNode = FALSE
	EndGlobalSection
	GlobalSection(ExtensibilityGlobals) = postSolution
		SolutionGuid = {2E11BE73-8FB3-40CC-8555-08C7254D33C0}
	EndGlobalSection
EndGlobal
